# THIS IS AN AUTOGENERATED FILE. DO NOT EDIT THIS FILE DIRECTLY.
# yarn lockfile v1


css-declaration-sorter@^6.2.2:
  version "6.4.0"
  resolved "https://registry.yarnpkg.com/css-declaration-sorter/-/css-declaration-sorter-6.4.0.tgz#630618adc21724484b3e9505bce812def44000ad"
  integrity sha512-jDfsatwWMWN0MODAFuHszfjphEXfNw9JUAhmY4pLu3TyTU+ohUpsbVtbU+1MZn4a47D9kqh03i4eyOm+74+zew==

postcss-less@^6.0.0:
  version "6.0.0"
  resolved "https://registry.yarnpkg.com/postcss-less/-/postcss-less-6.0.0.tgz#463b34c60f53b648c237f569aeb2e09149d85af4"
  integrity sha512-FPX16mQLyEjLzEuuJtxA8X3ejDLNGGEG503d2YGZR5Ask1SpDN8KmZUMpzCvyalWRywAn1n1VOA5dcqfCLo5rg==

postcss-scss@^4.0.3:
  version "4.0.6"
  resolved "https://registry.yarnpkg.com/postcss-scss/-/postcss-scss-4.0.6.tgz#5d62a574b950a6ae12f2aa89b60d63d9e4432bfd"
  integrity sha512-rLDPhJY4z/i4nVFZ27j9GqLxj1pwxE80eAzUNRMXtcpipFYIeowerzBgG3yJhMtObGEXidtIgbUpQ3eLDsf5OQ==

prettier-plugin-css-order@^1.3.0:
  version "1.3.0"
  resolved "https://registry.yarnpkg.com/prettier-plugin-css-order/-/prettier-plugin-css-order-1.3.0.tgz#ceccba99e2273f49426779d0c1a93d4fc0c9c531"
  integrity sha512-wOS4qlbUARCoiiuOG0TiB/j751soC3+gUnMMva5HVWKvHJdLNYqh+jXK3MvvixR6xkJVPxHSF7rIIhkHIuHTFg==
  dependencies:
    css-declaration-sorter "^6.2.2"
    postcss-less "^6.0.0"
    postcss-scss "^4.0.3"
    sync-threads "^1.0.1"

sync-threads@^1.0.1:
  version "1.0.1"
  resolved "https://registry.yarnpkg.com/sync-threads/-/sync-threads-1.0.1.tgz#1e854ce579eaca0d0f1f0885a40bc2be6237b593"
  integrity sha512-hIdwt/c/e1ONnr2RJmfBxEAj/J6KQQWKdToF3Qw8ZNRsTNNteGkOe63rQy9I7J5UNlr8Yl0wkzIr9wgLY94x0Q==
